
Microsoft Visual Studio Solution File, Format Version 12.00
# Visual Studio Version 17
VisualStudioVersion = 17.11.35327.3
MinimumVisualStudioVersion = 10.0.40219.1
Project("{FAE04EC0-301F-11D3-BF4B-00C04F79EFBC}") = "Cursusgeld", "Cursusgeld\Cursusgeld.csproj", "{21AC894F-88A6-46D1-868C-C8768A450FD7}"
EndProject
Global
	GlobalSection(SolutionConfigurationPlatforms) = preSolution
		Debug|Any CPU = Debug|Any CPU
		Release|Any CPU = Release|Any CPU
	EndGlobalSection
	GlobalSection(ProjectConfigurationPlatforms) = postSolution
		{21AC894F-88A6-46D1-868C-C8768A450FD7}.Debug|Any CPU.ActiveCfg = Debug|Any CPU
		{21AC894F-88A6-46D1-868C-C8768A450FD7}.Debug|Any CPU.Build.0 = Debug|Any CPU
		{21AC894F-88A6-46D1-868C-C8768A450FD7}.Release|Any CPU.ActiveCfg = Release|Any CPU
		{21AC894F-88A6-46D1-868C-C8768A450FD7}.Release|Any CPU.Build.0 = Release|Any CPU
	EndGlobalSection
	GlobalSection(SolutionProperties) = preSolution
		HideSolutionNode = FALSE
	EndGlobalSection
	GlobalSection(ExtensibilityGlobals) = postSolution
		SolutionGuid = {CEB6D53E-ECAE-411D-B2C9-2C37006D13C8}
	EndGlobalSection
EndGlobal
